
Microsoft Visual Studio Solution File, Format Version 12.00
# Visual Studio Version 17
VisualStudioVersion = 17.11.35327.3
MinimumVisualStudioVersion = 10.0.40219.1
Project("{8BC9CEB8-8B4A-11D0-8D11-00A0C91BC942}") = "Legit Max", "Legit Max.vcxproj", "{190BABAC-4F44-4247-B009-BB9B16CCF396}"
EndProject
Global
	GlobalSection(SolutionConfigurationPlatforms) = preSolution
		Debug|x64 = Debug|x64
		Debug|x86 = Debug|x86
		Release|x64 = Release|x64
		Release|x86 = Release|x86
	EndGlobalSection
	GlobalSection(ProjectConfigurationPlatforms) = postSolution
		{190BABAC-4F44-4247-B009-BB9B16CCF396}.Debug|x64.ActiveCfg = Debug|x64
		{190BABAC-4F44-4247-B009-BB9B16CCF396}.Debug|x64.Build.0 = Debug|x64
		{190BABAC-4F44-4247-B009-BB9B16CCF396}.Debug|x86.ActiveCfg = Debug|Win32
		{190BABAC-4F44-4247-B009-BB9B16CCF396}.Debug|x86.Build.0 = Debug|Win32
		{190BABAC-4F44-4247-B009-BB9B16CCF396}.Release|x64.ActiveCfg = Release|x64
		{190BABAC-4F44-4247-B009-BB9B16CCF396}.Release|x64.Build.0 = Release|x64
		{190BABAC-4F44-4247-B009-BB9B16CCF396}.Release|x86.ActiveCfg = Release|Win32
		{190BABAC-4F44-4247-B009-BB9B16CCF396}.Release|x86.Build.0 = Release|Win32
	EndGlobalSection
	GlobalSection(SolutionProperties) = preSolution
		HideSolutionNode = FALSE
	EndGlobalSection
	GlobalSection(ExtensibilityGlobals) = postSolution
		SolutionGuid = {9EC22D5F-4917-4D69-9C79-8B4620D52A7A}
	EndGlobalSection
EndGlobal
